// !$*UTF8*$!
{
	archiveVersion = 1;
	classes = {
	};
	objectVersion = 50;
	objects = {

/* Begin PBXBuildFile section */
		C213C2F3253A280100AF163A /* AppDelegate.swift in Sources */ = {isa = PBXBuildFile; fileRef = C213C2F2253A280100AF163A /* AppDelegate.swift */; };
		C213C2F5253A280100AF163A /* SceneDelegate.swift in Sources */ = {isa = PBXBuildFile; fileRef = C213C2F4253A280100AF163A /* SceneDelegate.swift */; };
		C213C2F7253A280100AF163A /* ContentView.swift in Sources */ = {isa = PBXBuildFile; fileRef = C213C2F6253A280100AF163A /* ContentView.swift */; };
		C213C2F9253A280400AF163A /* Assets.xcassets in Resources */ = {isa = PBXBuildFile; fileRef = C213C2F8253A280400AF163A /* Assets.xcassets */; };
		C213C2FC253A280400AF163A /* Preview Assets.xcassets in Resources */ = {isa = PBXBuildFile; fileRef = C213C2FB253A280400AF163A /* Preview Assets.xcassets */; };
		C213C2FF253A280400AF163A /* LaunchScreen.storyboard in Resources */ = {isa = PBXBuildFile; fileRef = C213C2FD253A280400AF163A /* LaunchScreen.storyboard */; };
/* End PBXBuildFile section */

/* Begin PBXFileReference section */
		C213C2EF253A280100AF163A /* Frutus.app */ = {isa = PBXFileReference; explicitFileType = wrapper.application; includeInIndex = 0; path = Frutus.app; sourceTree = BUILT_PRODUCTS_DIR; };
		C213C2F2253A280100AF163A /* AppDelegate.swift */ = {isa = PBXFileReference; lastKnownFileType = sourcecode.swift; path = AppDelegate.swift; sourceTree = "<group>"; };
		C213C2F4253A280100AF163A /* SceneDelegate.swift */ = {isa = PBXFileReference; lastKnownFileType = sourcecode.swift; path = SceneDelegate.swift; sourceTree = "<group>"; };
		C213C2F6253A280100AF163A /* ContentView.swift */ = {isa = PBXFileReference; lastKnownFileType = sourcecode.swift; path = ContentView.swift; sourceTree = "<group>"; };
		C213C2F8253A280400AF163A /* Assets.xcassets */ = {isa = PBXFileReference; lastKnownFileType = folder.assetcatalog; path = Assets.xcassets; sourceTree = "<group>"; };
		C213C2FB253A280400AF163A /* Preview Assets.xcassets */ = {isa = PBXFileReference; lastKnownFileType = folder.assetcatalog; path = "Preview Assets.xcassets"; sourceTree = "<group>"; };
		C213C2FE253A280400AF163A /* Base */ = {isa = PBXFileReference; lastKnownFileType = file.storyboard; name = Base; path = Base.lproj/LaunchScreen.storyboard; sourceTree = "<group>"; };
		C213C300253A280400AF163A /* Info.plist */ = {isa = PBXFileReference; lastKnownFileType = text.plist.xml; path = Info.plist; sourceTree = "<group>"; };
/* End PBXFileReference section */

/* Begin PBXFrameworksBuildPhase section */
		C213C2EC253A280100AF163A /* Frameworks */ = {
			isa = PBXFrameworksBuildPhase;
			buildActionMask = 2147483647;
			files = (
			);
			runOnlyForDeploymentPostprocessing = 0;
		};
/* End PBXFrameworksBuildPhase section */

/* Begin PBXGroup section */
		C213C2E6253A280100AF163A = {
			isa = PBXGroup;
			children = (
				C213C2F1253A280100AF163A /* Frutus */,
				C213C2F0253A280100AF163A /* Products */,
			);
			sourceTree = "<group>";
		};
		C213C2F0253A280100AF163A /* Products */ = {
			isa = PBXGroup;
			children = (
				C213C2EF253A280100AF163A /* Frutus.app */,
			);
			name = Products;
			sourceTree = "<group>";
		};
		C213C2F1253A280100AF163A /* Frutus */ = {
			isa = PBXGroup;
			children = (
				C213C2F2253A280100AF163A /* AppDelegate.swift */,
				C213C2F4253A280100AF163A /* SceneDelegate.swift */,
				C213C2F6253A280100AF163A /* ContentView.swift */,
				C213C2F8253A280400AF163A /* Assets.xcassets */,
				C213C2FD253A280400AF163A /* LaunchScreen.storyboard */,
				C213C300253A280400AF163A /* Info.plist */,
				C213C2FA253A280400AF163A /* Preview Content */,
			);
			path = Frutus;
			sourceTree = "<group>";
		};
		C213C2FA253A280400AF163A /* Preview Content */ = {
			isa = PBXGroup;
			children = (
				C213C2FB253A280400AF163A /* Preview Assets.xcassets */,
			);
			path = "Preview Content";
			sourceTree = "<group>";
		};
/* End PBXGroup section */

/* Begin PBXNativeTarget section */
		C213C2EE253A280100AF163A /* Frutus */ = {
			isa = PBXNativeTarget;
			buildConfigurationList = C213C303253A280400AF163A /* Build configuration list for PBXNativeTarget "Frutus" */;
			buildPhases = (
				C213C2EB253A280100AF163A /* Sources */,
				C213C2EC253A280100AF163A /* Frameworks */,
				C213C2ED253A280100AF163A /* Resources */,
			);
			buildRules = (
			);
			dependencies = (
			);
			name = Frutus;
			productName = Frutus;
			productReference = C213C2EF253A280100AF163A /* Frutus.app */;
			productType = "com.apple.product-type.application";
		};
/* End PBXNativeTarget section */

/* Begin PBXProject section */
		C213C2E7253A280100AF163A /* Project object */ = {
			isa = PBXProject;
			attributes = {
				LastSwiftUpdateCheck = 1160;
				LastUpgradeCheck = 1160;
				ORGANIZATIONNAME = "Jaime Uribe";
				TargetAttributes = {
					C213C2EE253A280100AF163A = {
						CreatedOnToolsVersion = 11.6;
					};
				};
			};
			buildConfigurationList = C213C2EA253A280100AF163A /* Build configuration list for PBXProject "Frutus" */;
			compatibilityVersion = "Xcode 9.3";
			developmentRegion = en;
			hasScannedForEncodings = 0;
			knownRegions = (
				en,
				Base,
			);
			mainGroup = C213C2E6253A280100AF163A;
			productRefGroup = C213C2F0253A280100AF163A /* Products */;
			projectDirPath = "";
			projectRoot = "";
			targets = (
				C213C2EE253A280100AF163A /* Frutus */,
			);
		};
/* End PBXProject section */

/* Begin PBXResourcesBuildPhase section */
		C213C2ED253A280100AF163A /* Resources */ = {
			isa = PBXResourcesBuildPhase;
			buildActionMask = 2147483647;
			files = (
				C213C2FF253A280400AF163A /* LaunchScreen.storyboard in Resources */,
				C213C2FC253A280400AF163A /* Preview Assets.xcassets in Resources */,
				C213C2F9253A280400AF163A /* Assets.xcassets in Resources */,
			);
			runOnlyForDeploymentPostprocessing = 0;
		};
/* End PBXResourcesBuildPhase section */

/* Begin PBXSourcesBuildPhase section */
		C213C2EB253A280100AF163A /* Sources */ = {
			isa = PBXSourcesBuildPhase;
			buildActionMask = 2147483647;
			files = (
				C213C2F3253A280100AF163A /* AppDelegate.swift in Sources */,
				C213C2F5253A280100AF163A /* SceneDelegate.swift in Sources */,
				C213C2F7253A280100AF163A /* ContentView.swift in Sources */,
			);
			runOnlyForDeploymentPostprocessing = 0;
		};
/* End PBXSourcesBuildPhase section */

/* Begin PBXVariantGroup section */
		C213C2FD253A280400AF163A /* LaunchScreen.storyboard */ = {
			isa = PBXVariantGroup;
			children = (
				C213C2FE253A280400AF163A /* Base */,
			);
			name = LaunchScreen.storyboard;
			sourceTree = "<group>";
		};
/* End PBXVariantGroup section */

/* Begin XCBuildConfiguration section */
		C213C301253A280400AF163A /* Debug */ = {
			isa = XCBuildConfiguration;
			buildSettings = {
				ALWAYS_SEARCH_USER_PATHS = NO;
				CLANG_ANALYZER_NONNULL = YES;
				CLANG_ANALYZER_NUMBER_OBJECT_CONVERSION = YES_AGGRESSIVE;
				CLANG_CXX_LANGUAGE_STANDARD = "gnu++14";
				CLANG_CXX_LIBRARY = "libc++";
				CLANG_ENABLE_MODULES = YES;
				CLANG_ENABLE_OBJC_ARC = YES;
				CLANG_ENABLE_OBJC_WEAK = YES;
				CLANG_WARN_BLOCK_CAPTURE_AUTORELEASING = YES;
				CLANG_WARN_BOOL_CONVERSION = YES;
				CLANG_WARN_COMMA = YES;
				CLANG_WARN_CONSTANT_CONVERSION = YES;
				CLANG_WARN_DEPRECATED_OBJC_IMPLEMENTATIONS = YES;
				CLANG_WARN_DIRECT_OBJC_ISA_USAGE = YES_ERROR;
				CLANG_WARN_DOCUMENTATION_COMMENTS = YES;
				CLANG_WARN_EMPTY_BODY = YES;
				CLANG_WARN_ENUM_CONVERSION = YES;
				CLANG_WARN_INFINITE_RECURSION = YES;
				CLANG_WARN_INT_CONVERSION = YES;
				CLANG_WARN_NON_LITERAL_NULL_CONVERSION = YES;
				CLANG_WARN_OBJC_IMPLICIT_RETAIN_SELF = YES;
				CLANG_WARN_OBJC_LITERAL_CONVERSION = YES;
				CLANG_WARN_OBJC_ROOT_CLASS = YES_ERROR;
				CLANG_WARN_RANGE_LOOP_ANALYSIS = YES;
				CLANG_WARN_STRICT_PROTOTYPES = YES;
				CLANG_WARN_SUSPICIOUS_MOVE = YES;
				CLANG_WARN_UNGUARDED_AVAILABILITY = YES_AGGRESSIVE;
				CLANG_WARN_UNREACHABLE_CODE = YES;
				CLANG_WARN__DUPLICATE_METHOD_MATCH = YES;
				COPY_PHASE_STRIP = NO;
				DEBUG_INFORMATION_FORMAT = dwarf;
				ENABLE_STRICT_OBJC_MSGSEND = YES;
				ENABLE_TESTABILITY = YES;
				GCC_C_LANGUAGE_STANDARD = gnu11;
				GCC_DYNAMIC_NO_PIC = NO;
				GCC_NO_COMMON_BLOCKS = YES;
				GCC_OPTIMIZATION_LEVEL = 0;
				GCC_PREPROCESSOR_DEFINITIONS = (
					"DEBUG=1",
					"$(inherited)",
				);
				GCC_WARN_64_TO_32_BIT_CONVERSION = YES;
				GCC_WARN_ABOUT_RETURN_TYPE = YES_ERROR;
				GCC_WARN_UNDECLARED_SELECTOR = YES;
				GCC_WARN_UNINITIALIZED_AUTOS = YES_AGGRESSIVE;
				GCC_WARN_UNUSED_FUNCTION = YES;
				GCC_WARN_UNUSED_VARIABLE = YES;
				IPHONEOS_DEPLOYMENT_TARGET = 13.6;
				MTL_ENABLE_DEBUG_INFO = INCLUDE_SOURCE;
				MTL_FAST_MATH = YES;
				ONLY_ACTIVE_ARCH = YES;
				SDKROOT = iphoneos;
				SWIFT_ACTIVE_COMPILATION_CONDITIONS = DEBUG;
				SWIFT_OPTIMIZATION_LEVEL = "-Onone";
			};
			name = Debug;
		};
		C213C302253A280400AF163A /* Release */ = {
			isa = XCBuildConfiguration;
			buildSettings = {
				ALWAYS_SEARCH_USER_PATHS = NO;
				CLANG_ANALYZER_NONNULL = YES;
				CLANG_ANALYZER_NUMBER_OBJECT_CONVERSION = YES_AGGRESSIVE;
				CLANG_CXX_LANGUAGE_STANDARD = "gnu++14";
				CLANG_CXX_LIBRARY = "libc++";
				CLANG_ENABLE_MODULES = YES;
				CLANG_ENABLE_OBJC_ARC = YES;
				CLANG_ENABLE_OBJC_WEAK = YES;
				CLANG_WARN_BLOCK_CAPTURE_AUTORELEASING = YES;
				CLANG_WARN_BOOL_CONVERSION = YES;
				CLANG_WARN_COMMA = YES;
				CLANG_WARN_CONSTANT_CONVERSION = YES;
				CLANG_WARN_DEPRECATED_OBJC_IMPLEMENTATIONS = YES;
				CLANG_WARN_DIRECT_OBJC_ISA_USAGE = YES_ERROR;
				CLANG_WARN_DOCUMENTATION_COMMENTS = YES;
				CLANG_WARN_EMPTY_BODY = YES;
				CLANG_WARN_ENUM_CONVERSION = YES;
				CLANG_WARN_INFINITE_RECURSION = YES;
				CLANG_WARN_INT_CONVERSION = YES;
				CLANG_WARN_NON_LITERAL_NULL_CONVERSION = YES;
				CLANG_WARN_OBJC_IMPLICIT_RETAIN_SELF = YES;
				CLANG_WARN_OBJC_LITERAL_CONVERSION = YES;
				CLANG_WARN_OBJC_ROOT_CLASS = YES_ERROR;
				CLANG_WARN_RANGE_LOOP_ANALYSIS = YES;
				CLANG_WARN_STRICT_PROTOTYPES = YES;
				CLANG_WARN_SUSPICIOUS_MOVE = YES;
				CLANG_WARN_UNGUARDED_AVAILABILITY = YES_AGGRESSIVE;
				CLANG_WARN_UNREACHABLE_CODE = YES;
				CLANG_WARN__DUPLICATE_METHOD_MATCH = YES;
				COPY_PHASE_STRIP = NO;
				DEBUG_INFORMATION_FORMAT = "dwarf-with-dsym";
				ENABLE_NS_ASSERTIONS = NO;
				ENABLE_STRICT_OBJC_MSGSEND = YES;
				GCC_C_LANGUAGE_STANDARD = gnu11;
				GCC_NO_COMMON_BLOCKS = YES;
				GCC_WARN_64_TO_32_BIT_CONVERSION = YES;
				GCC_WARN_ABOUT_RETURN_TYPE = YES_ERROR;
				GCC_WARN_UNDECLARED_SELECTOR = YES;
				GCC_WARN_UNINITIALIZED_AUTOS = YES_AGGRESSIVE;
				GCC_WARN_UNUSED_FUNCTION = YES;
				GCC_WARN_UNUSED_VARIABLE = YES;
				IPHONEOS_DEPLOYMENT_TARGET = 13.6;
				MTL_ENABLE_DEBUG_INFO = NO;
				MTL_FAST_MATH = YES;
				SDKROOT = iphoneos;
				SWIFT_COMPILATION_MODE = wholemodule;
				SWIFT_OPTIMIZATION_LEVEL = "-O";
				VALIDATE_PRODUCT = YES;
			};
			name = Release;
		};
		C213C304253A280400AF163A /* Debug */ = {
			isa = XCBuildConfiguration;
			buildSettings = {
				ASSETCATALOG_COMPILER_APPICON_NAME = AppIcon;
				CODE_SIGN_STYLE = Automatic;
				DEVELOPMENT_ASSET_PATHS = "\"Frutus/Preview Content\"";
				DEVELOPMENT_TEAM = 2BFYDDH2HY;
				ENABLE_PREVIEWS = YES;
				INFOPLIST_FILE = Frutus/Info.plist;
				LD_RUNPATH_SEARCH_PATHS = (
					"$(inherited)",
					"@executable_path/Frameworks",
				);
				PRODUCT_BUNDLE_IDENTIFIER = com.jaime.uribe.Frutus;
				PRODUCT_NAME = "$(TARGET_NAME)";
				SWIFT_VERSION = 5.0;
				TARGETED_DEVICE_FAMILY = "1,2";
			};
			name = Debug;
		};
		C213C305253A280400AF163A /* Release */ = {
			isa = XCBuildConfiguration;
			buildSettings = {
				ASSETCATALOG_COMPILER_APPICON_NAME = AppIcon;
				CODE_SIGN_STYLE = Automatic;
				DEVELOPMENT_ASSET_PATHS = "\"Frutus/Preview Content\"";
				DEVELOPMENT_TEAM = 2BFYDDH2HY;
				ENABLE_PREVIEWS = YES;
				INFOPLIST_FILE = Frutus/Info.plist;
				LD_RUNPATH_SEARCH_PATHS = (
					"$(inherited)",
					"@executable_path/Frameworks",
				);
				PRODUCT_BUNDLE_IDENTIFIER = com.jaime.uribe.Frutus;
				PRODUCT_NAME = "$(TARGET_NAME)";
				SWIFT_VERSION = 5.0;
				TARGETED_DEVICE_FAMILY = "1,2";
			};
			name = Release;
		};
/* End XCBuildConfiguration section */

/* Begin XCConfigurationList section */
		C213C2EA253A280100AF163A /* Build configuration list for PBXProject "Frutus" */ = {
			isa = XCConfigurationList;
			buildConfigurations = (
				C213C301253A280400AF163A /* Debug */,
				C213C302253A280400AF163A /* Release */,
			);
			defaultConfigurationIsVisible = 0;
			defaultConfigurationName = Release;
		};
		C213C303253A280400AF163A /* Build configuration list for PBXNativeTarget "Frutus" */ = {
			isa = XCConfigurationList;
			buildConfigurations = (
				C213C304253A280400AF163A /* Debug */,
				C213C305253A280400AF163A /* Release */,
			);
			defaultConfigurationIsVisible = 0;
			defaultConfigurationName = Release;
		};
/* End XCConfigurationList section */
	};
	rootObject = C213C2E7253A280100AF163A /* Project object */;
}
